
Microsoft Visual Studio Solution File, Format Version 12.00
# Visual Studio 2013
VisualStudioVersion = 12.0.31101.0
MinimumVisualStudioVersion = 10.0.40219.1
Project("{D954291E-2A0B-460D-934E-DC6B0785DB48}") = "Killerrin Studios Toolkit.Shared", "Killerrin Studios Toolkit.Shared\Killerrin Studios Toolkit.Shared.shproj", "{7B40BCB7-EB60-4012-B61A-B114FA9FE83C}"
EndProject
Project("{FAE04EC0-301F-11D3-BF4B-00C04F79EFBC}") = "Killerrin Studios Toolkit.Windows", "Killerrin Studios Toolkit.Windows\Killerrin Studios Toolkit.Windows.csproj", "{F69DA48E-EC33-437A-8825-8EE1E8E52FAF}"
EndProject
Project("{FAE04EC0-301F-11D3-BF4B-00C04F79EFBC}") = "Killerrin Studios Toolkit.WindowsPhone", "Killerrin Studios Toolkit.WindowsPhone\Killerrin Studios Toolkit.WindowsPhone.csproj", "{620F71A9-C251-4A4E-A9B1-00D99ECEDE16}"
EndProject
Global
	GlobalSection(SharedMSBuildProjectFiles) = preSolution
		Killerrin Studios Toolkit.Shared\Killerrin Studios Toolkit.Shared.projitems*{f69da48e-ec33-437a-8825-8ee1e8e52faf}*SharedItemsImports = 4
		Killerrin Studios Toolkit.Shared\Killerrin Studios Toolkit.Shared.projitems*{620f71a9-c251-4a4e-a9b1-00d99ecede16}*SharedItemsImports = 4
		Killerrin Studios Toolkit.Shared\Killerrin Studios Toolkit.Shared.projitems*{7b40bcb7-eb60-4012-b61a-b114fa9fe83c}*SharedItemsImports = 13
	EndGlobalSection
	GlobalSection(SolutionConfigurationPlatforms) = preSolution
		Debug|Any CPU = Debug|Any CPU
		Debug|ARM = Debug|ARM
		Debug|x64 = Debug|x64
		Debug|x86 = Debug|x86
		Release|Any CPU = Release|Any CPU
		Release|ARM = Release|ARM
		Release|x64 = Release|x64
		Release|x86 = Release|x86
	EndGlobalSection
	GlobalSection(ProjectConfigurationPlatforms) = postSolution
		{F69DA48E-EC33-437A-8825-8EE1E8E52FAF}.Debug|Any CPU.ActiveCfg = Debug|Any CPU
		{F69DA48E-EC33-437A-8825-8EE1E8E52FAF}.Debug|Any CPU.Build.0 = Debug|Any CPU
		{F69DA48E-EC33-437A-8825-8EE1E8E52FAF}.Debug|ARM.ActiveCfg = Debug|ARM
		{F69DA48E-EC33-437A-8825-8EE1E8E52FAF}.Debug|ARM.Build.0 = Debug|ARM
		{F69DA48E-EC33-437A-8825-8EE1E8E52FAF}.Debug|x64.ActiveCfg = Debug|x64
		{F69DA48E-EC33-437A-8825-8EE1E8E52FAF}.Debug|x64.Build.0 = Debug|x64
		{F69DA48E-EC33-437A-8825-8EE1E8E52FAF}.Debug|x86.ActiveCfg = Debug|x86
		{F69DA48E-EC33-437A-8825-8EE1E8E52FAF}.Debug|x86.Build.0 = Debug|x86
		{F69DA48E-EC33-437A-8825-8EE1E8E52FAF}.Release|Any CPU.ActiveCfg = Release|Any CPU
		{F69DA48E-EC33-437A-8825-8EE1E8E52FAF}.Release|Any CPU.Build.0 = Release|Any CPU
		{F69DA48E-EC33-437A-8825-8EE1E8E52FAF}.Release|ARM.ActiveCfg = Release|ARM
		{F69DA48E-EC33-437A-8825-8EE1E8E52FAF}.Release|ARM.Build.0 = Release|ARM
		{F69DA48E-EC33-437A-8825-8EE1E8E52FAF}.Release|x64.ActiveCfg = Release|x64
		{F69DA48E-EC33-437A-8825-8EE1E8E52FAF}.Release|x64.Build.0 = Release|x64
		{F69DA48E-EC33-437A-8825-8EE1E8E52FAF}.Release|x86.ActiveCfg = Release|x86
		{F69DA48E-EC33-437A-8825-8EE1E8E52FAF}.Release|x86.Build.0 = Release|x86
		{620F71A9-C251-4A4E-A9B1-00D99ECEDE16}.Debug|Any CPU.ActiveCfg = Debug|Any CPU
		{620F71A9-C251-4A4E-A9B1-00D99ECEDE16}.Debug|Any CPU.Build.0 = Debug|Any CPU
		{620F71A9-C251-4A4E-A9B1-00D99ECEDE16}.Debug|ARM.ActiveCfg = Debug|ARM
		{620F71A9-C251-4A4E-A9B1-00D99ECEDE16}.Debug|ARM.Build.0 = Debug|ARM
		{620F71A9-C251-4A4E-A9B1-00D99ECEDE16}.Debug|x64.ActiveCfg = Debug|Any CPU
		{620F71A9-C251-4A4E-A9B1-00D99ECEDE16}.Debug|x86.ActiveCfg = Debug|x86
		{620F71A9-C251-4A4E-A9B1-00D99ECEDE16}.Debug|x86.Build.0 = Debug|x86
		{620F71A9-C251-4A4E-A9B1-00D99ECEDE16}.Release|Any CPU.ActiveCfg = Release|Any CPU
		{620F71A9-C251-4A4E-A9B1-00D99ECEDE16}.Release|Any CPU.Build.0 = Release|Any CPU
		{620F71A9-C251-4A4E-A9B1-00D99ECEDE16}.Release|ARM.ActiveCfg = Release|ARM
		{620F71A9-C251-4A4E-A9B1-00D99ECEDE16}.Release|ARM.Build.0 = Release|ARM
		{620F71A9-C251-4A4E-A9B1-00D99ECEDE16}.Release|x64.ActiveCfg = Release|Any CPU
		{620F71A9-C251-4A4E-A9B1-00D99ECEDE16}.Release|x86.ActiveCfg = Release|x86
		{620F71A9-C251-4A4E-A9B1-00D99ECEDE16}.Release|x86.Build.0 = Release|x86
	EndGlobalSection
	GlobalSection(SolutionProperties) = preSolution
		HideSolutionNode = FALSE
	EndGlobalSection
EndGlobal
