
Microsoft Visual Studio Solution File, Format Version 12.00
# Visual Studio 2013
VisualStudioVersion = 12.0.31101.0
MinimumVisualStudioVersion = 10.0.40219.1
Project("{2150E333-8FDC-42A3-9474-1A3956D46DE8}") = "LanTest", "LanTest", "{A72B0C27-CF9E-4EE2-851A-8A02948073EA}"
EndProject
Project("{D954291E-2A0B-460D-934E-DC6B0785DB48}") = "LanTest.Shared", "LanTest\LanTest.Shared\LanTest.Shared.shproj", "{8AA42D9C-33AF-4DBE-B1ED-AED6F4574DC1}"
EndProject
Project("{FAE04EC0-301F-11D3-BF4B-00C04F79EFBC}") = "LanTest.Windows", "LanTest\LanTest.Windows\LanTest.Windows.csproj", "{6E06A826-E8C2-4DCE-82C0-E11F7592AEEB}"
EndProject
Project("{FAE04EC0-301F-11D3-BF4B-00C04F79EFBC}") = "LanTest.WindowsPhone", "LanTest\LanTest.WindowsPhone\LanTest.WindowsPhone.csproj", "{BE17DFC7-FBF4-4F83-BE61-A9D1081159C0}"
EndProject
Global
	GlobalSection(SharedMSBuildProjectFiles) = preSolution
		LanTest\LanTest.Shared\LanTest.Shared.projitems*{be17dfc7-fbf4-4f83-be61-a9d1081159c0}*SharedItemsImports = 4
		LanTest\LanTest.Shared\LanTest.Shared.projitems*{8aa42d9c-33af-4dbe-b1ed-aed6f4574dc1}*SharedItemsImports = 13
		LanTest\LanTest.Shared\LanTest.Shared.projitems*{6e06a826-e8c2-4dce-82c0-e11f7592aeeb}*SharedItemsImports = 4
	EndGlobalSection
	GlobalSection(SolutionConfigurationPlatforms) = preSolution
		Debug|Any CPU = Debug|Any CPU
		Debug|ARM = Debug|ARM
		Debug|x64 = Debug|x64
		Debug|x86 = Debug|x86
		Release|Any CPU = Release|Any CPU
		Release|ARM = Release|ARM
		Release|x64 = Release|x64
		Release|x86 = Release|x86
	EndGlobalSection
	GlobalSection(ProjectConfigurationPlatforms) = postSolution
		{6E06A826-E8C2-4DCE-82C0-E11F7592AEEB}.Debug|Any CPU.ActiveCfg = Debug|Any CPU
		{6E06A826-E8C2-4DCE-82C0-E11F7592AEEB}.Debug|Any CPU.Build.0 = Debug|Any CPU
		{6E06A826-E8C2-4DCE-82C0-E11F7592AEEB}.Debug|Any CPU.Deploy.0 = Debug|Any CPU
		{6E06A826-E8C2-4DCE-82C0-E11F7592AEEB}.Debug|ARM.ActiveCfg = Debug|ARM
		{6E06A826-E8C2-4DCE-82C0-E11F7592AEEB}.Debug|ARM.Build.0 = Debug|ARM
		{6E06A826-E8C2-4DCE-82C0-E11F7592AEEB}.Debug|ARM.Deploy.0 = Debug|ARM
		{6E06A826-E8C2-4DCE-82C0-E11F7592AEEB}.Debug|x64.ActiveCfg = Debug|x64
		{6E06A826-E8C2-4DCE-82C0-E11F7592AEEB}.Debug|x64.Build.0 = Debug|x64
		{6E06A826-E8C2-4DCE-82C0-E11F7592AEEB}.Debug|x64.Deploy.0 = Debug|x64
		{6E06A826-E8C2-4DCE-82C0-E11F7592AEEB}.Debug|x86.ActiveCfg = Debug|x86
		{6E06A826-E8C2-4DCE-82C0-E11F7592AEEB}.Debug|x86.Build.0 = Debug|x86
		{6E06A826-E8C2-4DCE-82C0-E11F7592AEEB}.Debug|x86.Deploy.0 = Debug|x86
		{6E06A826-E8C2-4DCE-82C0-E11F7592AEEB}.Release|Any CPU.ActiveCfg = Release|Any CPU
		{6E06A826-E8C2-4DCE-82C0-E11F7592AEEB}.Release|Any CPU.Build.0 = Release|Any CPU
		{6E06A826-E8C2-4DCE-82C0-E11F7592AEEB}.Release|Any CPU.Deploy.0 = Release|Any CPU
		{6E06A826-E8C2-4DCE-82C0-E11F7592AEEB}.Release|ARM.ActiveCfg = Release|ARM
		{6E06A826-E8C2-4DCE-82C0-E11F7592AEEB}.Release|ARM.Build.0 = Release|ARM
		{6E06A826-E8C2-4DCE-82C0-E11F7592AEEB}.Release|ARM.Deploy.0 = Release|ARM
		{6E06A826-E8C2-4DCE-82C0-E11F7592AEEB}.Release|x64.ActiveCfg = Release|x64
		{6E06A826-E8C2-4DCE-82C0-E11F7592AEEB}.Release|x64.Build.0 = Release|x64
		{6E06A826-E8C2-4DCE-82C0-E11F7592AEEB}.Release|x64.Deploy.0 = Release|x64
		{6E06A826-E8C2-4DCE-82C0-E11F7592AEEB}.Release|x86.ActiveCfg = Release|x86
		{6E06A826-E8C2-4DCE-82C0-E11F7592AEEB}.Release|x86.Build.0 = Release|x86
		{6E06A826-E8C2-4DCE-82C0-E11F7592AEEB}.Release|x86.Deploy.0 = Release|x86
		{BE17DFC7-FBF4-4F83-BE61-A9D1081159C0}.Debug|Any CPU.ActiveCfg = Debug|Any CPU
		{BE17DFC7-FBF4-4F83-BE61-A9D1081159C0}.Debug|Any CPU.Build.0 = Debug|Any CPU
		{BE17DFC7-FBF4-4F83-BE61-A9D1081159C0}.Debug|Any CPU.Deploy.0 = Debug|Any CPU
		{BE17DFC7-FBF4-4F83-BE61-A9D1081159C0}.Debug|ARM.ActiveCfg = Debug|ARM
		{BE17DFC7-FBF4-4F83-BE61-A9D1081159C0}.Debug|ARM.Build.0 = Debug|ARM
		{BE17DFC7-FBF4-4F83-BE61-A9D1081159C0}.Debug|ARM.Deploy.0 = Debug|ARM
		{BE17DFC7-FBF4-4F83-BE61-A9D1081159C0}.Debug|x64.ActiveCfg = Debug|Any CPU
		{BE17DFC7-FBF4-4F83-BE61-A9D1081159C0}.Debug|x86.ActiveCfg = Debug|x86
		{BE17DFC7-FBF4-4F83-BE61-A9D1081159C0}.Debug|x86.Build.0 = Debug|x86
		{BE17DFC7-FBF4-4F83-BE61-A9D1081159C0}.Debug|x86.Deploy.0 = Debug|x86
		{BE17DFC7-FBF4-4F83-BE61-A9D1081159C0}.Release|Any CPU.ActiveCfg = Release|Any CPU
		{BE17DFC7-FBF4-4F83-BE61-A9D1081159C0}.Release|Any CPU.Build.0 = Release|Any CPU
		{BE17DFC7-FBF4-4F83-BE61-A9D1081159C0}.Release|Any CPU.Deploy.0 = Release|Any CPU
		{BE17DFC7-FBF4-4F83-BE61-A9D1081159C0}.Release|ARM.ActiveCfg = Release|ARM
		{BE17DFC7-FBF4-4F83-BE61-A9D1081159C0}.Release|ARM.Build.0 = Release|ARM
		{BE17DFC7-FBF4-4F83-BE61-A9D1081159C0}.Release|ARM.Deploy.0 = Release|ARM
		{BE17DFC7-FBF4-4F83-BE61-A9D1081159C0}.Release|x64.ActiveCfg = Release|Any CPU
		{BE17DFC7-FBF4-4F83-BE61-A9D1081159C0}.Release|x86.ActiveCfg = Release|x86
		{BE17DFC7-FBF4-4F83-BE61-A9D1081159C0}.Release|x86.Build.0 = Release|x86
		{BE17DFC7-FBF4-4F83-BE61-A9D1081159C0}.Release|x86.Deploy.0 = Release|x86
	EndGlobalSection
	GlobalSection(SolutionProperties) = preSolution
		HideSolutionNode = FALSE
	EndGlobalSection
	GlobalSection(NestedProjects) = preSolution
		{8AA42D9C-33AF-4DBE-B1ED-AED6F4574DC1} = {A72B0C27-CF9E-4EE2-851A-8A02948073EA}
		{6E06A826-E8C2-4DCE-82C0-E11F7592AEEB} = {A72B0C27-CF9E-4EE2-851A-8A02948073EA}
		{BE17DFC7-FBF4-4F83-BE61-A9D1081159C0} = {A72B0C27-CF9E-4EE2-851A-8A02948073EA}
	EndGlobalSection
EndGlobal
